{
    "_global_": {
        "io.github.gradle-clojure:gradle-clojure-plugin": {
            "project": true
        },
        "io.github.gradle-clojure:gradle-clojure-tools": {
            "project": true
        },
        "io.github.gradle-clojure:modules": {
            "project": true
        },
        "junit:junit": {
            "firstLevelTransitive": [
                "io.github.gradle-clojure:gradle-clojure-plugin",
                "io.github.gradle-clojure:gradle-clojure-plugin"
            ],
            "locked": "4.12"
        },
        "org.ajoberstar:ike.cljj": {
            "firstLevelTransitive": [
                "io.github.gradle-clojure:gradle-clojure-plugin",
                "io.github.gradle-clojure:gradle-clojure-plugin"
            ],
            "locked": "0.4.0"
        },
        "org.clojure:clojure": {
            "firstLevelTransitive": [
                "io.github.gradle-clojure:gradle-clojure-plugin",
                "io.github.gradle-clojure:gradle-clojure-plugin",
                "io.github.gradle-clojure:gradle-clojure-plugin",
                "io.github.gradle-clojure:gradle-clojure-tools"
            ],
            "locked": "1.9.0"
        },
        "org.clojure:tools.namespace": {
            "firstLevelTransitive": [
                "io.github.gradle-clojure:gradle-clojure-plugin",
                "io.github.gradle-clojure:gradle-clojure-plugin",
                "io.github.gradle-clojure:gradle-clojure-plugin",
                "io.github.gradle-clojure:gradle-clojure-plugin",
                "io.github.gradle-clojure:gradle-clojure-tools",
                "io.github.gradle-clojure:gradle-clojure-tools"
            ],
            "locked": "0.3.0-alpha4"
        },
        "org.projectodd.shimdandy:shimdandy-api": {
            "firstLevelTransitive": [
                "io.github.gradle-clojure:gradle-clojure-plugin",
                "io.github.gradle-clojure:gradle-clojure-tools"
            ],
            "locked": "1.2.0"
        },
        "proto-repl:proto-repl": {
            "firstLevelTransitive": [
                "io.github.gradle-clojure:gradle-clojure-plugin",
                "io.github.gradle-clojure:gradle-clojure-plugin",
                "io.github.gradle-clojure:gradle-clojure-tools",
                "io.github.gradle-clojure:gradle-clojure-tools"
            ],
            "locked": "0.3.1"
        }
    }
}