# This is a Gradle generated file for dependency locking.
# Manual edits can break the build and are not advised.
# This file is expected to be part of source control.
junit:junit:4.12
nrepl:nrepl:0.4.1
org.ajoberstar:ike.cljj:0.4.1
org.clojure:clojure:1.10.0-alpha4
org.clojure:core.specs.alpha:0.1.24
org.clojure:java.classpath:0.2.3
org.clojure:spec.alpha:0.1.143
org.clojure:tools.logging:0.4.1
org.clojure:tools.macro:0.1.2
org.clojure:tools.namespace:0.3.0-alpha4
org.clojure:tools.reader:0.10.0
org.hamcrest:hamcrest-core:1.3
