# This is a Gradle generated file for dependency locking.
# Manual edits can break the build and are not advised.
# This file is expected to be part of source control.
io.github.gradle-clojure:gradle-clojure-tools:0.5.0-alpha.1
nrepl:bencode:1.0.0
nrepl:nrepl:0.5.1
org.apache.commons:commons-lang3:3.8.1
org.apache.commons:commons-text:1.6
org.clojure:clojure:1.8.0
us.bpsm:edn-java:0.6.0
